
Microsoft Visual Studio Solution File, Format Version 12.00
# Visual Studio Version 17
VisualStudioVersion = 17.4.33110.190
MinimumVisualStudioVersion = 10.0.40219.1
Project("{FAE04EC0-301F-11D3-BF4B-00C04F79EFBC}") = "PetRegistryBackend", "PetRegistryBackend\PetRegistryBackend.csproj", "{ECAEBB80-BADA-4A7A-9F50-B88A8D9C65D0}"
EndProject
Global
	GlobalSection(SolutionConfigurationPlatforms) = preSolution
		Debug|Any CPU = Debug|Any CPU
		Release|Any CPU = Release|Any CPU
	EndGlobalSection
	GlobalSection(ProjectConfigurationPlatforms) = postSolution
		{ECAEBB80-BADA-4A7A-9F50-B88A8D9C65D0}.Debug|Any CPU.ActiveCfg = Debug|Any CPU
		{ECAEBB80-BADA-4A7A-9F50-B88A8D9C65D0}.Debug|Any CPU.Build.0 = Debug|Any CPU
		{ECAEBB80-BADA-4A7A-9F50-B88A8D9C65D0}.Release|Any CPU.ActiveCfg = Release|Any CPU
		{ECAEBB80-BADA-4A7A-9F50-B88A8D9C65D0}.Release|Any CPU.Build.0 = Release|Any CPU
	EndGlobalSection
	GlobalSection(SolutionProperties) = preSolution
		HideSolutionNode = FALSE
	EndGlobalSection
	GlobalSection(ExtensibilityGlobals) = postSolution
		SolutionGuid = {B73CD5E2-C752-452C-A3AD-C57182D33AD9}
	EndGlobalSection
EndGlobal
